
Microsoft Visual Studio Solution File, Format Version 12.00
# Visual Studio Version 16
VisualStudioVersion = 25.0.1706.7
MinimumVisualStudioVersion = 10.0.40219.1
Project("{FAE04EC0-301F-11D3-BF4B-00C04F79EFBC}") = "Codepulse.API", "Codepulse.API\Codepulse.API.csproj", "{105DD420-413D-4E4B-B968-D76A85F700A5}"
EndProject
Global
	GlobalSection(SolutionConfigurationPlatforms) = preSolution
		Debug|Any CPU = Debug|Any CPU
		Release|Any CPU = Release|Any CPU
	EndGlobalSection
	GlobalSection(ProjectConfigurationPlatforms) = postSolution
		{105DD420-413D-4E4B-B968-D76A85F700A5}.Debug|Any CPU.ActiveCfg = Debug|Any CPU
		{105DD420-413D-4E4B-B968-D76A85F700A5}.Debug|Any CPU.Build.0 = Debug|Any CPU
		{105DD420-413D-4E4B-B968-D76A85F700A5}.Release|Any CPU.ActiveCfg = Release|Any CPU
		{105DD420-413D-4E4B-B968-D76A85F700A5}.Release|Any CPU.Build.0 = Release|Any CPU
	EndGlobalSection
	GlobalSection(SolutionProperties) = preSolution
		HideSolutionNode = FALSE
	EndGlobalSection
	GlobalSection(ExtensibilityGlobals) = postSolution
		SolutionGuid = {506AF932-0CBF-4750-8D67-C3A0F6C9E468}
	EndGlobalSection
EndGlobal
